
Microsoft Visual Studio Solution File, Format Version 12.00
# Visual Studio Version 16
VisualStudioVersion = 16.0.31105.61
MinimumVisualStudioVersion = 10.0.40219.1
Project("{FAE04EC0-301F-11D3-BF4B-00C04F79EFBC}") = "Nix_Hotel.DAL", "Nix_Hotel.DAL\Nix_Hotel.DAL.csproj", "{0824F250-45B8-42C2-8C8E-AA8AD610DE74}"
EndProject
Project("{FAE04EC0-301F-11D3-BF4B-00C04F79EFBC}") = "Nix_Hotel.BLL", "Nix_Hotel.BLL\Nix_Hotel.BLL.csproj", "{21C0BB99-FE01-4C4D-9DF2-D7E528E1497A}"
EndProject
Global
	GlobalSection(SolutionConfigurationPlatforms) = preSolution
		Debug|Any CPU = Debug|Any CPU
		Release|Any CPU = Release|Any CPU
	EndGlobalSection
	GlobalSection(ProjectConfigurationPlatforms) = postSolution
		{0824F250-45B8-42C2-8C8E-AA8AD610DE74}.Debug|Any CPU.ActiveCfg = Debug|Any CPU
		{0824F250-45B8-42C2-8C8E-AA8AD610DE74}.Debug|Any CPU.Build.0 = Debug|Any CPU
		{0824F250-45B8-42C2-8C8E-AA8AD610DE74}.Release|Any CPU.ActiveCfg = Release|Any CPU
		{0824F250-45B8-42C2-8C8E-AA8AD610DE74}.Release|Any CPU.Build.0 = Release|Any CPU
		{21C0BB99-FE01-4C4D-9DF2-D7E528E1497A}.Debug|Any CPU.ActiveCfg = Debug|Any CPU
		{21C0BB99-FE01-4C4D-9DF2-D7E528E1497A}.Debug|Any CPU.Build.0 = Debug|Any CPU
		{21C0BB99-FE01-4C4D-9DF2-D7E528E1497A}.Release|Any CPU.ActiveCfg = Release|Any CPU
		{21C0BB99-FE01-4C4D-9DF2-D7E528E1497A}.Release|Any CPU.Build.0 = Release|Any CPU
	EndGlobalSection
	GlobalSection(SolutionProperties) = preSolution
		HideSolutionNode = FALSE
	EndGlobalSection
	GlobalSection(ExtensibilityGlobals) = postSolution
		SolutionGuid = {D28F9AAA-2E43-4EC1-BF11-1FB93A8BC174}
	EndGlobalSection
EndGlobal
